// !$*UTF8*$!
{
	archiveVersion = 1;
	classes = {
	};
	objectVersion = 46;
	objects = {

/* Begin PBXBuildFile section */
		6301F7CF1E2F6C1800E51662 /* YJGridViewController.m in Sources */ = {isa = PBXBuildFile; fileRef = 6301F7CE1E2F6C1800E51662 /* YJGridViewController.m */; };
		6301F7D21E2F6C7D00E51662 /* YJGridView.m in Sources */ = {isa = PBXBuildFile; fileRef = 6301F7D11E2F6C7D00E51662 /* YJGridView.m */; };
		6301F7D51E2F7F0100E51662 /* YJGridViewCell.m in Sources */ = {isa = PBXBuildFile; fileRef = 6301F7D41E2F7F0100E51662 /* YJGridViewCell.m */; };
		636BA6301E487C7100C4254F /* YJActivityIndicatorView.m in Sources */ = {isa = PBXBuildFile; fileRef = 636BA62F1E487C7100C4254F /* YJActivityIndicatorView.m */; };
		636BA6331E487CB300C4254F /* ActivityIndicatorViewController.m in Sources */ = {isa = PBXBuildFile; fileRef = 636BA6321E487CB300C4254F /* ActivityIndicatorViewController.m */; };
		637CB05A1E306E730080FF4A /* GridViewController.m in Sources */ = {isa = PBXBuildFile; fileRef = 637CB0591E306E730080FF4A /* GridViewController.m */; };
		637CB0891E306F250080FF4A /* 0-0.jpeg in Resources */ = {isa = PBXBuildFile; fileRef = 637CB05D1E306F250080FF4A /* 0-0.jpeg */; };
		637CB08A1E306F250080FF4A /* 0-1.jpeg in Resources */ = {isa = PBXBuildFile; fileRef = 637CB05E1E306F250080FF4A /* 0-1.jpeg */; };
		637CB08B1E306F250080FF4A /* 0-2.jpeg in Resources */ = {isa = PBXBuildFile; fileRef = 637CB05F1E306F250080FF4A /* 0-2.jpeg */; };
		637CB08C1E306F250080FF4A /* 0-3.jpeg in Resources */ = {isa = PBXBuildFile; fileRef = 637CB0601E306F250080FF4A /* 0-3.jpeg */; };
		637CB08D1E306F250080FF4A /* 0-4.jpeg in Resources */ = {isa = PBXBuildFile; fileRef = 637CB0611E306F250080FF4A /* 0-4.jpeg */; };
		637CB08E1E306F250080FF4A /* 0-5.jpeg in Resources */ = {isa = PBXBuildFile; fileRef = 637CB0621E306F250080FF4A /* 0-5.jpeg */; };
		637CB08F1E306F250080FF4A /* 0-6.jpeg in Resources */ = {isa = PBXBuildFile; fileRef = 637CB0631E306F250080FF4A /* 0-6.jpeg */; };
		637CB0901E306F250080FF4A /* 0-7.jpeg in Resources */ = {isa = PBXBuildFile; fileRef = 637CB0641E306F250080FF4A /* 0-7.jpeg */; };
		637CB0911E306F250080FF4A /* 1-0.jpeg in Resources */ = {isa = PBXBuildFile; fileRef = 637CB0651E306F250080FF4A /* 1-0.jpeg */; };
		637CB0921E306F250080FF4A /* 1-1.jpeg in Resources */ = {isa = PBXBuildFile; fileRef = 637CB0661E306F250080FF4A /* 1-1.jpeg */; };
		637CB0931E306F250080FF4A /* 1-2.jpeg in Resources */ = {isa = PBXBuildFile; fileRef = 637CB0671E306F250080FF4A /* 1-2.jpeg */; };
		637CB0941E306F250080FF4A /* 1-3.jpeg in Resources */ = {isa = PBXBuildFile; fileRef = 637CB0681E306F250080FF4A /* 1-3.jpeg */; };
		637CB0951E306F250080FF4A /* 1-4.jpeg in Resources */ = {isa = PBXBuildFile; fileRef = 637CB0691E306F250080FF4A /* 1-4.jpeg */; };
		637CB0961E306F250080FF4A /* 1-5.jpeg in Resources */ = {isa = PBXBuildFile; fileRef = 637CB06A1E306F250080FF4A /* 1-5.jpeg */; };
		637CB0971E306F250080FF4A /* 1-6.jpeg in Resources */ = {isa = PBXBuildFile; fileRef = 637CB06B1E306F250080FF4A /* 1-6.jpeg */; };
		637CB0981E306F250080FF4A /* 1-7.jpeg in Resources */ = {isa = PBXBuildFile; fileRef = 637CB06C1E306F250080FF4A /* 1-7.jpeg */; };
		637CB0991E306F250080FF4A /* 2-0.jpeg in Resources */ = {isa = PBXBuildFile; fileRef = 637CB06D1E306F250080FF4A /* 2-0.jpeg */; };
		637CB09A1E306F250080FF4A /* 2-1.jpeg in Resources */ = {isa = PBXBuildFile; fileRef = 637CB06E1E306F250080FF4A /* 2-1.jpeg */; };
		637CB09B1E306F250080FF4A /* 2-2.jpeg in Resources */ = {isa = PBXBuildFile; fileRef = 637CB06F1E306F250080FF4A /* 2-2.jpeg */; };
		637CB09C1E306F250080FF4A /* 2-3.jpeg in Resources */ = {isa = PBXBuildFile; fileRef = 637CB0701E306F250080FF4A /* 2-3.jpeg */; };
		637CB09D1E306F250080FF4A /* 2-4.jpeg in Resources */ = {isa = PBXBuildFile; fileRef = 637CB0711E306F250080FF4A /* 2-4.jpeg */; };
		637CB09E1E306F250080FF4A /* 2-5.jpeg in Resources */ = {isa = PBXBuildFile; fileRef = 637CB0721E306F250080FF4A /* 2-5.jpeg */; };
		637CB09F1E306F250080FF4A /* 2-6.jpeg in Resources */ = {isa = PBXBuildFile; fileRef = 637CB0731E306F250080FF4A /* 2-6.jpeg */; };
		637CB0A01E306F250080FF4A /* 2-7.jpeg in Resources */ = {isa = PBXBuildFile; fileRef = 637CB0741E306F250080FF4A /* 2-7.jpeg */; };
		637CB0A11E306F250080FF4A /* 3-0.jpeg in Resources */ = {isa = PBXBuildFile; fileRef = 637CB0751E306F250080FF4A /* 3-0.jpeg */; };
		637CB0A21E306F250080FF4A /* 3-1.jpeg in Resources */ = {isa = PBXBuildFile; fileRef = 637CB0761E306F250080FF4A /* 3-1.jpeg */; };
		637CB0A31E306F250080FF4A /* 3-2.jpeg in Resources */ = {isa = PBXBuildFile; fileRef = 637CB0771E306F250080FF4A /* 3-2.jpeg */; };
		637CB0A41E306F250080FF4A /* 3-3.jpeg in Resources */ = {isa = PBXBuildFile; fileRef = 637CB0781E306F250080FF4A /* 3-3.jpeg */; };
		637CB0A51E306F250080FF4A /* 4-0.jpeg in Resources */ = {isa = PBXBuildFile; fileRef = 637CB0791E306F250080FF4A /* 4-0.jpeg */; };
		637CB0A61E306F250080FF4A /* 4-1.jpeg in Resources */ = {isa = PBXBuildFile; fileRef = 637CB07A1E306F250080FF4A /* 4-1.jpeg */; };
		637CB0A71E306F250080FF4A /* 4-2.jpeg in Resources */ = {isa = PBXBuildFile; fileRef = 637CB07B1E306F250080FF4A /* 4-2.jpeg */; };
		637CB0A81E306F250080FF4A /* 4-3.jpeg in Resources */ = {isa = PBXBuildFile; fileRef = 637CB07C1E306F250080FF4A /* 4-3.jpeg */; };
		637CB0A91E306F250080FF4A /* 5-0.jpeg in Resources */ = {isa = PBXBuildFile; fileRef = 637CB07D1E306F250080FF4A /* 5-0.jpeg */; };
		637CB0AA1E306F250080FF4A /* 5-1.jpeg in Resources */ = {isa = PBXBuildFile; fileRef = 637CB07E1E306F250080FF4A /* 5-1.jpeg */; };
		637CB0AB1E306F250080FF4A /* 5-2.jpeg in Resources */ = {isa = PBXBuildFile; fileRef = 637CB07F1E306F250080FF4A /* 5-2.jpeg */; };
		637CB0AC1E306F250080FF4A /* 5-3.jpeg in Resources */ = {isa = PBXBuildFile; fileRef = 637CB0801E306F250080FF4A /* 5-3.jpeg */; };
		637CB0AD1E306F250080FF4A /* 6-0.jpeg in Resources */ = {isa = PBXBuildFile; fileRef = 637CB0811E306F250080FF4A /* 6-0.jpeg */; };
		637CB0AE1E306F250080FF4A /* 6-1.jpeg in Resources */ = {isa = PBXBuildFile; fileRef = 637CB0821E306F250080FF4A /* 6-1.jpeg */; };
		637CB0AF1E306F250080FF4A /* 6-2.jpeg in Resources */ = {isa = PBXBuildFile; fileRef = 637CB0831E306F250080FF4A /* 6-2.jpeg */; };
		637CB0B01E306F250080FF4A /* 6-3.jpeg in Resources */ = {isa = PBXBuildFile; fileRef = 637CB0841E306F250080FF4A /* 6-3.jpeg */; };
		637CB0B11E306F250080FF4A /* 7-0.jpeg in Resources */ = {isa = PBXBuildFile; fileRef = 637CB0851E306F250080FF4A /* 7-0.jpeg */; };
		637CB0B21E306F250080FF4A /* 7-1.jpeg in Resources */ = {isa = PBXBuildFile; fileRef = 637CB0861E306F250080FF4A /* 7-1.jpeg */; };
		637CB0B31E306F250080FF4A /* 7-2.jpeg in Resources */ = {isa = PBXBuildFile; fileRef = 637CB0871E306F250080FF4A /* 7-2.jpeg */; };
		637CB0B41E306F250080FF4A /* 7-3.jpeg in Resources */ = {isa = PBXBuildFile; fileRef = 637CB0881E306F250080FF4A /* 7-3.jpeg */; };
		63830BDC1E1CC0D000BB8FED /* YJTouchLabel.m in Sources */ = {isa = PBXBuildFile; fileRef = 63830BDB1E1CC0D000BB8FED /* YJTouchLabel.m */; };
		63830BDF1E1CC10500BB8FED /* YJPlaceholderTextView.m in Sources */ = {isa = PBXBuildFile; fileRef = 63830BDE1E1CC10500BB8FED /* YJPlaceholderTextView.m */; };
		63830BE71E1CC1DB00BB8FED /* PlaceholderTextViewController.m in Sources */ = {isa = PBXBuildFile; fileRef = 63830BE61E1CC1DB00BB8FED /* PlaceholderTextViewController.m */; };
		63830BED1E1CF19F00BB8FED /* YJFormView.m in Sources */ = {isa = PBXBuildFile; fileRef = 63830BEC1E1CF19F00BB8FED /* YJFormView.m */; };
		63830BF51E1CF1EF00BB8FED /* YJFormViewController.m in Sources */ = {isa = PBXBuildFile; fileRef = 63830BF41E1CF1EF00BB8FED /* YJFormViewController.m */; };
		63A4B2E91E16535300067379 /* MainViewController.m in Sources */ = {isa = PBXBuildFile; fileRef = 63A4B2E81E16535300067379 /* MainViewController.m */; };
		63A4B2F01E16542A00067379 /* TouchLinkLabelViewController.m in Sources */ = {isa = PBXBuildFile; fileRef = 63A4B2EF1E16542A00067379 /* TouchLinkLabelViewController.m */; };
		63A85A8D1E2E2C110093F731 /* TableViewWaveViewController.m in Sources */ = {isa = PBXBuildFile; fileRef = 63A85A8C1E2E2C110093F731 /* TableViewWaveViewController.m */; };
		63A85A941E2E2CB20093F731 /* UITableView+Wave.m in Sources */ = {isa = PBXBuildFile; fileRef = 63A85A931E2E2CB20093F731 /* UITableView+Wave.m */; };
		63ACD11F1E0D329E001B8A3A /* YJTableViewGenerator.m in Sources */ = {isa = PBXBuildFile; fileRef = 63ACD11E1E0D329E001B8A3A /* YJTableViewGenerator.m */; };
		63ADC1FC1E496B2900F2B45F /* YJActivityIndicatorSubExample.m in Sources */ = {isa = PBXBuildFile; fileRef = 63ADC1FB1E496B2900F2B45F /* YJActivityIndicatorSubExample.m */; };
		63B54B111E0D029700C94151 /* main.m in Sources */ = {isa = PBXBuildFile; fileRef = 63B54B101E0D029700C94151 /* main.m */; };
		63B54B141E0D029700C94151 /* AppDelegate.m in Sources */ = {isa = PBXBuildFile; fileRef = 63B54B131E0D029700C94151 /* AppDelegate.m */; };
		63B54B1A1E0D029700C94151 /* Main.storyboard in Resources */ = {isa = PBXBuildFile; fileRef = 63B54B181E0D029700C94151 /* Main.storyboard */; };
		63B54B1C1E0D029700C94151 /* Assets.xcassets in Resources */ = {isa = PBXBuildFile; fileRef = 63B54B1B1E0D029700C94151 /* Assets.xcassets */; };
		63B54B1F1E0D029700C94151 /* LaunchScreen.storyboard in Resources */ = {isa = PBXBuildFile; fileRef = 63B54B1D1E0D029700C94151 /* LaunchScreen.storyboard */; };
/* End PBXBuildFile section */

/* Begin PBXFileReference section */
		6301F7CD1E2F6C1800E51662 /* YJGridViewController.h */ = {isa = PBXFileReference; fileEncoding = 4; lastKnownFileType = sourcecode.c.h; path = YJGridViewController.h; sourceTree = "<group>"; };
		6301F7CE1E2F6C1800E51662 /* YJGridViewController.m */ = {isa = PBXFileReference; fileEncoding = 4; lastKnownFileType = sourcecode.c.objc; path = YJGridViewController.m; sourceTree = "<group>"; };
		6301F7D01E2F6C7D00E51662 /* YJGridView.h */ = {isa = PBXFileReference; fileEncoding = 4; lastKnownFileType = sourcecode.c.h; path = YJGridView.h; sourceTree = "<group>"; };
		6301F7D11E2F6C7D00E51662 /* YJGridView.m */ = {isa = PBXFileReference; fileEncoding = 4; lastKnownFileType = sourcecode.c.objc; path = YJGridView.m; sourceTree = "<group>"; };
		6301F7D31E2F7F0100E51662 /* YJGridViewCell.h */ = {isa = PBXFileReference; fileEncoding = 4; lastKnownFileType = sourcecode.c.h; path = YJGridViewCell.h; sourceTree = "<group>"; };
		6301F7D41E2F7F0100E51662 /* YJGridViewCell.m */ = {isa = PBXFileReference; fileEncoding = 4; lastKnownFileType = sourcecode.c.objc; path = YJGridViewCell.m; sourceTree = "<group>"; };
		636BA62E1E487C7100C4254F /* YJActivityIndicatorView.h */ = {isa = PBXFileReference; fileEncoding = 4; lastKnownFileType = sourcecode.c.h; path = YJActivityIndicatorView.h; sourceTree = "<group>"; };
		636BA62F1E487C7100C4254F /* YJActivityIndicatorView.m */ = {isa = PBXFileReference; fileEncoding = 4; lastKnownFileType = sourcecode.c.objc; path = YJActivityIndicatorView.m; sourceTree = "<group>"; };
		636BA6311E487CB300C4254F /* ActivityIndicatorViewController.h */ = {isa = PBXFileReference; fileEncoding = 4; lastKnownFileType = sourcecode.c.h; path = ActivityIndicatorViewController.h; sourceTree = "<group>"; };
		636BA6321E487CB300C4254F /* ActivityIndicatorViewController.m */ = {isa = PBXFileReference; fileEncoding = 4; lastKnownFileType = sourcecode.c.objc; path = ActivityIndicatorViewController.m; sourceTree = "<group>"; };
		637CB0581E306E730080FF4A /* GridViewController.h */ = {isa = PBXFileReference; fileEncoding = 4; lastKnownFileType = sourcecode.c.h; path = GridViewController.h; sourceTree = "<group>"; };
		637CB0591E306E730080FF4A /* GridViewController.m */ = {isa = PBXFileReference; fileEncoding = 4; lastKnownFileType = sourcecode.c.objc; path = GridViewController.m; sourceTree = "<group>"; };
		637CB05D1E306F250080FF4A /* 0-0.jpeg */ = {isa = PBXFileReference; lastKnownFileType = image.jpeg; path = "0-0.jpeg"; sourceTree = "<group>"; };
		637CB05E1E306F250080FF4A /* 0-1.jpeg */ = {isa = PBXFileReference; lastKnownFileType = image.jpeg; path = "0-1.jpeg"; sourceTree = "<group>"; };
		637CB05F1E306F250080FF4A /* 0-2.jpeg */ = {isa = PBXFileReference; lastKnownFileType = image.jpeg; path = "0-2.jpeg"; sourceTree = "<group>"; };
		637CB0601E306F250080FF4A /* 0-3.jpeg */ = {isa = PBXFileReference; lastKnownFileType = image.jpeg; path = "0-3.jpeg"; sourceTree = "<group>"; };
		637CB0611E306F250080FF4A /* 0-4.jpeg */ = {isa = PBXFileReference; lastKnownFileType = image.jpeg; path = "0-4.jpeg"; sourceTree = "<group>"; };
		637CB0621E306F250080FF4A /* 0-5.jpeg */ = {isa = PBXFileReference; lastKnownFileType = image.jpeg; path = "0-5.jpeg"; sourceTree = "<group>"; };
		637CB0631E306F250080FF4A /* 0-6.jpeg */ = {isa = PBXFileReference; lastKnownFileType = image.jpeg; path = "0-6.jpeg"; sourceTree = "<group>"; };
		637CB0641E306F250080FF4A /* 0-7.jpeg */ = {isa = PBXFileReference; lastKnownFileType = image.jpeg; path = "0-7.jpeg"; sourceTree = "<group>"; };
		637CB0651E306F250080FF4A /* 1-0.jpeg */ = {isa = PBXFileReference; lastKnownFileType = image.jpeg; path = "1-0.jpeg"; sourceTree = "<group>"; };
		637CB0661E306F250080FF4A /* 1-1.jpeg */ = {isa = PBXFileReference; lastKnownFileType = image.jpeg; path = "1-1.jpeg"; sourceTree = "<group>"; };
		637CB0671E306F250080FF4A /* 1-2.jpeg */ = {isa = PBXFileReference; lastKnownFileType = image.jpeg; path = "1-2.jpeg"; sourceTree = "<group>"; };
		637CB0681E306F250080FF4A /* 1-3.jpeg */ = {isa = PBXFileReference; lastKnownFileType = image.jpeg; path = "1-3.jpeg"; sourceTree = "<group>"; };
		637CB0691E306F250080FF4A /* 1-4.jpeg */ = {isa = PBXFileReference; lastKnownFileType = image.jpeg; path = "1-4.jpeg"; sourceTree = "<group>"; };
		637CB06A1E306F250080FF4A /* 1-5.jpeg */ = {isa = PBXFileReference; lastKnownFileType = image.jpeg; path = "1-5.jpeg"; sourceTree = "<group>"; };
		637CB06B1E306F250080FF4A /* 1-6.jpeg */ = {isa = PBXFileReference; lastKnownFileType = image.jpeg; path = "1-6.jpeg"; sourceTree = "<group>"; };
		637CB06C1E306F250080FF4A /* 1-7.jpeg */ = {isa = PBXFileReference; lastKnownFileType = image.jpeg; path = "1-7.jpeg"; sourceTree = "<group>"; };
		637CB06D1E306F250080FF4A /* 2-0.jpeg */ = {isa = PBXFileReference; lastKnownFileType = image.jpeg; path = "2-0.jpeg"; sourceTree = "<group>"; };
		637CB06E1E306F250080FF4A /* 2-1.jpeg */ = {isa = PBXFileReference; lastKnownFileType = image.jpeg; path = "2-1.jpeg"; sourceTree = "<group>"; };
		637CB06F1E306F250080FF4A /* 2-2.jpeg */ = {isa = PBXFileReference; lastKnownFileType = image.jpeg; path = "2-2.jpeg"; sourceTree = "<group>"; };
		637CB0701E306F250080FF4A /* 2-3.jpeg */ = {isa = PBXFileReference; lastKnownFileType = image.jpeg; path = "2-3.jpeg"; sourceTree = "<group>"; };
		637CB0711E306F250080FF4A /* 2-4.jpeg */ = {isa = PBXFileReference; lastKnownFileType = image.jpeg; path = "2-4.jpeg"; sourceTree = "<group>"; };
		637CB0721E306F250080FF4A /* 2-5.jpeg */ = {isa = PBXFileReference; lastKnownFileType = image.jpeg; path = "2-5.jpeg"; sourceTree = "<group>"; };
		637CB0731E306F250080FF4A /* 2-6.jpeg */ = {isa = PBXFileReference; lastKnownFileType = image.jpeg; path = "2-6.jpeg"; sourceTree = "<group>"; };
		637CB0741E306F250080FF4A /* 2-7.jpeg */ = {isa = PBXFileReference; lastKnownFileType = image.jpeg; path = "2-7.jpeg"; sourceTree = "<group>"; };
		637CB0751E306F250080FF4A /* 3-0.jpeg */ = {isa = PBXFileReference; lastKnownFileType = image.jpeg; path = "3-0.jpeg"; sourceTree = "<group>"; };
		637CB0761E306F250080FF4A /* 3-1.jpeg */ = {isa = PBXFileReference; lastKnownFileType = image.jpeg; path = "3-1.jpeg"; sourceTree = "<group>"; };
		637CB0771E306F250080FF4A /* 3-2.jpeg */ = {isa = PBXFileReference; lastKnownFileType = image.jpeg; path = "3-2.jpeg"; sourceTree = "<group>"; };
		637CB0781E306F250080FF4A /* 3-3.jpeg */ = {isa = PBXFileReference; lastKnownFileType = image.jpeg; path = "3-3.jpeg"; sourceTree = "<group>"; };
		637CB0791E306F250080FF4A /* 4-0.jpeg */ = {isa = PBXFileReference; lastKnownFileType = image.jpeg; path = "4-0.jpeg"; sourceTree = "<group>"; };
		637CB07A1E306F250080FF4A /* 4-1.jpeg */ = {isa = PBXFileReference; lastKnownFileType = image.jpeg; path = "4-1.jpeg"; sourceTree = "<group>"; };
		637CB07B1E306F250080FF4A /* 4-2.jpeg */ = {isa = PBXFileReference; lastKnownFileType = image.jpeg; path = "4-2.jpeg"; sourceTree = "<group>"; };
		637CB07C1E306F250080FF4A /* 4-3.jpeg */ = {isa = PBXFileReference; lastKnownFileType = image.jpeg; path = "4-3.jpeg"; sourceTree = "<group>"; };
		637CB07D1E306F250080FF4A /* 5-0.jpeg */ = {isa = PBXFileReference; lastKnownFileType = image.jpeg; path = "5-0.jpeg"; sourceTree = "<group>"; };
		637CB07E1E306F250080FF4A /* 5-1.jpeg */ = {isa = PBXFileReference; lastKnownFileType = image.jpeg; path = "5-1.jpeg"; sourceTree = "<group>"; };
		637CB07F1E306F250080FF4A /* 5-2.jpeg */ = {isa = PBXFileReference; lastKnownFileType = image.jpeg; path = "5-2.jpeg"; sourceTree = "<group>"; };
		637CB0801E306F250080FF4A /* 5-3.jpeg */ = {isa = PBXFileReference; lastKnownFileType = image.jpeg; path = "5-3.jpeg"; sourceTree = "<group>"; };
		637CB0811E306F250080FF4A /* 6-0.jpeg */ = {isa = PBXFileReference; lastKnownFileType = image.jpeg; path = "6-0.jpeg"; sourceTree = "<group>"; };
		637CB0821E306F250080FF4A /* 6-1.jpeg */ = {isa = PBXFileReference; lastKnownFileType = image.jpeg; path = "6-1.jpeg"; sourceTree = "<group>"; };
		637CB0831E306F250080FF4A /* 6-2.jpeg */ = {isa = PBXFileReference; lastKnownFileType = image.jpeg; path = "6-2.jpeg"; sourceTree = "<group>"; };
		637CB0841E306F250080FF4A /* 6-3.jpeg */ = {isa = PBXFileReference; lastKnownFileType = image.jpeg; path = "6-3.jpeg"; sourceTree = "<group>"; };
		637CB0851E306F250080FF4A /* 7-0.jpeg */ = {isa = PBXFileReference; lastKnownFileType = image.jpeg; path = "7-0.jpeg"; sourceTree = "<group>"; };
		637CB0861E306F250080FF4A /* 7-1.jpeg */ = {isa = PBXFileReference; lastKnownFileType = image.jpeg; path = "7-1.jpeg"; sourceTree = "<group>"; };
		637CB0871E306F250080FF4A /* 7-2.jpeg */ = {isa = PBXFileReference; lastKnownFileType = image.jpeg; path = "7-2.jpeg"; sourceTree = "<group>"; };
		637CB0881E306F250080FF4A /* 7-3.jpeg */ = {isa = PBXFileReference; lastKnownFileType = image.jpeg; path = "7-3.jpeg"; sourceTree = "<group>"; };
		63830BDA1E1CC0D000BB8FED /* YJTouchLabel.h */ = {isa = PBXFileReference; fileEncoding = 4; lastKnownFileType = sourcecode.c.h; path = YJTouchLabel.h; sourceTree = "<group>"; };
		63830BDB1E1CC0D000BB8FED /* YJTouchLabel.m */ = {isa = PBXFileReference; fileEncoding = 4; lastKnownFileType = sourcecode.c.objc; path = YJTouchLabel.m; sourceTree = "<group>"; };
		63830BDD1E1CC10500BB8FED /* YJPlaceholderTextView.h */ = {isa = PBXFileReference; fileEncoding = 4; lastKnownFileType = sourcecode.c.h; path = YJPlaceholderTextView.h; sourceTree = "<group>"; };
		63830BDE1E1CC10500BB8FED /* YJPlaceholderTextView.m */ = {isa = PBXFileReference; fileEncoding = 4; lastKnownFileType = sourcecode.c.objc; path = YJPlaceholderTextView.m; sourceTree = "<group>"; };
		63830BE51E1CC1DB00BB8FED /* PlaceholderTextViewController.h */ = {isa = PBXFileReference; fileEncoding = 4; lastKnownFileType = sourcecode.c.h; path = PlaceholderTextViewController.h; sourceTree = "<group>"; };
		63830BE61E1CC1DB00BB8FED /* PlaceholderTextViewController.m */ = {isa = PBXFileReference; fileEncoding = 4; lastKnownFileType = sourcecode.c.objc; path = PlaceholderTextViewController.m; sourceTree = "<group>"; };
		63830BEB1E1CF19F00BB8FED /* YJFormView.h */ = {isa = PBXFileReference; fileEncoding = 4; lastKnownFileType = sourcecode.c.h; path = YJFormView.h; sourceTree = "<group>"; };
		63830BEC1E1CF19F00BB8FED /* YJFormView.m */ = {isa = PBXFileReference; fileEncoding = 4; lastKnownFileType = sourcecode.c.objc; path = YJFormView.m; sourceTree = "<group>"; };
		63830BF31E1CF1EF00BB8FED /* YJFormViewController.h */ = {isa = PBXFileReference; fileEncoding = 4; lastKnownFileType = sourcecode.c.h; path = YJFormViewController.h; sourceTree = "<group>"; };
		63830BF41E1CF1EF00BB8FED /* YJFormViewController.m */ = {isa = PBXFileReference; fileEncoding = 4; lastKnownFileType = sourcecode.c.objc; path = YJFormViewController.m; sourceTree = "<group>"; };
		63A4B2E71E16535300067379 /* MainViewController.h */ = {isa = PBXFileReference; fileEncoding = 4; lastKnownFileType = sourcecode.c.h; path = MainViewController.h; sourceTree = "<group>"; };
		63A4B2E81E16535300067379 /* MainViewController.m */ = {isa = PBXFileReference; fileEncoding = 4; lastKnownFileType = sourcecode.c.objc; path = MainViewController.m; sourceTree = "<group>"; };
		63A4B2EE1E16542A00067379 /* TouchLinkLabelViewController.h */ = {isa = PBXFileReference; fileEncoding = 4; lastKnownFileType = sourcecode.c.h; path = TouchLinkLabelViewController.h; sourceTree = "<group>"; };
		63A4B2EF1E16542A00067379 /* TouchLinkLabelViewController.m */ = {isa = PBXFileReference; fileEncoding = 4; lastKnownFileType = sourcecode.c.objc; path = TouchLinkLabelViewController.m; sourceTree = "<group>"; };
		63A4B2F11E1655F600067379 /* YJViewPrefixHeader.pch */ = {isa = PBXFileReference; fileEncoding = 4; lastKnownFileType = sourcecode.c.h; path = YJViewPrefixHeader.pch; sourceTree = "<group>"; };
		63A85A8B1E2E2C110093F731 /* TableViewWaveViewController.h */ = {isa = PBXFileReference; fileEncoding = 4; lastKnownFileType = sourcecode.c.h; path = TableViewWaveViewController.h; sourceTree = "<group>"; };
		63A85A8C1E2E2C110093F731 /* TableViewWaveViewController.m */ = {isa = PBXFileReference; fileEncoding = 4; lastKnownFileType = sourcecode.c.objc; path = TableViewWaveViewController.m; sourceTree = "<group>"; };
		63A85A921E2E2CB20093F731 /* UITableView+Wave.h */ = {isa = PBXFileReference; fileEncoding = 4; lastKnownFileType = sourcecode.c.h; path = "UITableView+Wave.h"; sourceTree = "<group>"; };
		63A85A931E2E2CB20093F731 /* UITableView+Wave.m */ = {isa = PBXFileReference; fileEncoding = 4; lastKnownFileType = sourcecode.c.objc; path = "UITableView+Wave.m"; sourceTree = "<group>"; };
		63ACD11D1E0D329E001B8A3A /* YJTableViewGenerator.h */ = {isa = PBXFileReference; fileEncoding = 4; lastKnownFileType = sourcecode.c.h; path = YJTableViewGenerator.h; sourceTree = "<group>"; };
		63ACD11E1E0D329E001B8A3A /* YJTableViewGenerator.m */ = {isa = PBXFileReference; fileEncoding = 4; lastKnownFileType = sourcecode.c.objc; path = YJTableViewGenerator.m; sourceTree = "<group>"; };
		63ADC1FA1E496B2900F2B45F /* YJActivityIndicatorSubExample.h */ = {isa = PBXFileReference; fileEncoding = 4; lastKnownFileType = sourcecode.c.h; path = YJActivityIndicatorSubExample.h; sourceTree = "<group>"; };
		63ADC1FB1E496B2900F2B45F /* YJActivityIndicatorSubExample.m */ = {isa = PBXFileReference; fileEncoding = 4; lastKnownFileType = sourcecode.c.objc; path = YJActivityIndicatorSubExample.m; sourceTree = "<group>"; };
		63B54B0C1E0D029700C94151 /* YJView.app */ = {isa = PBXFileReference; explicitFileType = wrapper.application; includeInIndex = 0; path = YJView.app; sourceTree = BUILT_PRODUCTS_DIR; };
		63B54B101E0D029700C94151 /* main.m */ = {isa = PBXFileReference; lastKnownFileType = sourcecode.c.objc; path = main.m; sourceTree = "<group>"; };
		63B54B121E0D029700C94151 /* AppDelegate.h */ = {isa = PBXFileReference; lastKnownFileType = sourcecode.c.h; path = AppDelegate.h; sourceTree = "<group>"; };
		63B54B131E0D029700C94151 /* AppDelegate.m */ = {isa = PBXFileReference; lastKnownFileType = sourcecode.c.objc; path = AppDelegate.m; sourceTree = "<group>"; };
		63B54B191E0D029700C94151 /* Base */ = {isa = PBXFileReference; lastKnownFileType = file.storyboard; name = Base; path = Base.lproj/Main.storyboard; sourceTree = "<group>"; };
		63B54B1B1E0D029700C94151 /* Assets.xcassets */ = {isa = PBXFileReference; lastKnownFileType = folder.assetcatalog; path = Assets.xcassets; sourceTree = "<group>"; };
		63B54B1E1E0D029700C94151 /* Base */ = {isa = PBXFileReference; lastKnownFileType = file.storyboard; name = Base; path = Base.lproj/LaunchScreen.storyboard; sourceTree = "<group>"; };
		63B54B201E0D029700C94151 /* Info.plist */ = {isa = PBXFileReference; lastKnownFileType = text.plist.xml; path = Info.plist; sourceTree = "<group>"; };
/* End PBXFileReference section */

/* Begin PBXFrameworksBuildPhase section */
		63B54B091E0D029700C94151 /* Frameworks */ = {
			isa = PBXFrameworksBuildPhase;
			buildActionMask = 2147483647;
			files = (
			);
			runOnlyForDeploymentPostprocessing = 0;
		};
/* End PBXFrameworksBuildPhase section */

/* Begin PBXGroup section */
		6301F7CB1E2F6BB600E51662 /* YJGridViewController */ = {
			isa = PBXGroup;
			children = (
				637CB05B1E306F250080FF4A /* Resoureces */,
				6301F7CC1E2F6BFA00E51662 /* YJGridViewManager */,
				637CB0581E306E730080FF4A /* GridViewController.h */,
				637CB0591E306E730080FF4A /* GridViewController.m */,
			);
			path = YJGridViewController;
			sourceTree = "<group>";
		};
		6301F7CC1E2F6BFA00E51662 /* YJGridViewManager */ = {
			isa = PBXGroup;
			children = (
				6301F7CD1E2F6C1800E51662 /* YJGridViewController.h */,
				6301F7CE1E2F6C1800E51662 /* YJGridViewController.m */,
				6301F7D01E2F6C7D00E51662 /* YJGridView.h */,
				6301F7D11E2F6C7D00E51662 /* YJGridView.m */,
				6301F7D31E2F7F0100E51662 /* YJGridViewCell.h */,
				6301F7D41E2F7F0100E51662 /* YJGridViewCell.m */,
			);
			path = YJGridViewManager;
			sourceTree = "<group>";
		};
		636BA62C1E487C6100C4254F /* YJActivityIndicatorView */ = {
			isa = PBXGroup;
			children = (
				636BA62D1E487C6100C4254F /* YJActivityIndicatorView */,
				636BA6311E487CB300C4254F /* ActivityIndicatorViewController.h */,
				636BA6321E487CB300C4254F /* ActivityIndicatorViewController.m */,
			);
			path = YJActivityIndicatorView;
			sourceTree = "<group>";
		};
		636BA62D1E487C6100C4254F /* YJActivityIndicatorView */ = {
			isa = PBXGroup;
			children = (
				636BA62E1E487C7100C4254F /* YJActivityIndicatorView.h */,
				636BA62F1E487C7100C4254F /* YJActivityIndicatorView.m */,
				63ADC1FA1E496B2900F2B45F /* YJActivityIndicatorSubExample.h */,
				63ADC1FB1E496B2900F2B45F /* YJActivityIndicatorSubExample.m */,
			);
			path = YJActivityIndicatorView;
			sourceTree = "<group>";
		};
		637CB05B1E306F250080FF4A /* Resoureces */ = {
			isa = PBXGroup;
			children = (
				637CB05C1E306F250080FF4A /* Images */,
			);
			path = Resoureces;
			sourceTree = "<group>";
		};
		637CB05C1E306F250080FF4A /* Images */ = {
			isa = PBXGroup;
			children = (
				637CB05D1E306F250080FF4A /* 0-0.jpeg */,
				637CB05E1E306F250080FF4A /* 0-1.jpeg */,
				637CB05F1E306F250080FF4A /* 0-2.jpeg */,
				637CB0601E306F250080FF4A /* 0-3.jpeg */,
				637CB0611E306F250080FF4A /* 0-4.jpeg */,
				637CB0621E306F250080FF4A /* 0-5.jpeg */,
				637CB0631E306F250080FF4A /* 0-6.jpeg */,
				637CB0641E306F250080FF4A /* 0-7.jpeg */,
				637CB0651E306F250080FF4A /* 1-0.jpeg */,
				637CB0661E306F250080FF4A /* 1-1.jpeg */,
				637CB0671E306F250080FF4A /* 1-2.jpeg */,
				637CB0681E306F250080FF4A /* 1-3.jpeg */,
				637CB0691E306F250080FF4A /* 1-4.jpeg */,
				637CB06A1E306F250080FF4A /* 1-5.jpeg */,
				637CB06B1E306F250080FF4A /* 1-6.jpeg */,
				637CB06C1E306F250080FF4A /* 1-7.jpeg */,
				637CB06D1E306F250080FF4A /* 2-0.jpeg */,
				637CB06E1E306F250080FF4A /* 2-1.jpeg */,
				637CB06F1E306F250080FF4A /* 2-2.jpeg */,
				637CB0701E306F250080FF4A /* 2-3.jpeg */,
				637CB0711E306F250080FF4A /* 2-4.jpeg */,
				637CB0721E306F250080FF4A /* 2-5.jpeg */,
				637CB0731E306F250080FF4A /* 2-6.jpeg */,
				637CB0741E306F250080FF4A /* 2-7.jpeg */,
				637CB0751E306F250080FF4A /* 3-0.jpeg */,
				637CB0761E306F250080FF4A /* 3-1.jpeg */,
				637CB0771E306F250080FF4A /* 3-2.jpeg */,
				637CB0781E306F250080FF4A /* 3-3.jpeg */,
				637CB0791E306F250080FF4A /* 4-0.jpeg */,
				637CB07A1E306F250080FF4A /* 4-1.jpeg */,
				637CB07B1E306F250080FF4A /* 4-2.jpeg */,
				637CB07C1E306F250080FF4A /* 4-3.jpeg */,
				637CB07D1E306F250080FF4A /* 5-0.jpeg */,
				637CB07E1E306F250080FF4A /* 5-1.jpeg */,
				637CB07F1E306F250080FF4A /* 5-2.jpeg */,
				637CB0801E306F250080FF4A /* 5-3.jpeg */,
				637CB0811E306F250080FF4A /* 6-0.jpeg */,
				637CB0821E306F250080FF4A /* 6-1.jpeg */,
				637CB0831E306F250080FF4A /* 6-2.jpeg */,
				637CB0841E306F250080FF4A /* 6-3.jpeg */,
				637CB0851E306F250080FF4A /* 7-0.jpeg */,
				637CB0861E306F250080FF4A /* 7-1.jpeg */,
				637CB0871E306F250080FF4A /* 7-2.jpeg */,
				637CB0881E306F250080FF4A /* 7-3.jpeg */,
			);
			path = Images;
			sourceTree = "<group>";
		};
		63830BD81E1CC0D000BB8FED /* YJPlaceholderTextView */ = {
			isa = PBXGroup;
			children = (
				63830BDD1E1CC10500BB8FED /* YJPlaceholderTextView.h */,
				63830BDE1E1CC10500BB8FED /* YJPlaceholderTextView.m */,
			);
			path = YJPlaceholderTextView;
			sourceTree = "<group>";
		};
		63830BD91E1CC0D000BB8FED /* YJTouchLabel */ = {
			isa = PBXGroup;
			children = (
				63830BDA1E1CC0D000BB8FED /* YJTouchLabel.h */,
				63830BDB1E1CC0D000BB8FED /* YJTouchLabel.m */,
			);
			path = YJTouchLabel;
			sourceTree = "<group>";
		};
		63830BE01E1CC18F00BB8FED /* PlaceholderTextView */ = {
			isa = PBXGroup;
			children = (
				63830BE11E1CC18F00BB8FED /* Controller */,
			);
			path = PlaceholderTextView;
			sourceTree = "<group>";
		};
		63830BE11E1CC18F00BB8FED /* Controller */ = {
			isa = PBXGroup;
			children = (
				63830BE51E1CC1DB00BB8FED /* PlaceholderTextViewController.h */,
				63830BE61E1CC1DB00BB8FED /* PlaceholderTextViewController.m */,
			);
			path = Controller;
			sourceTree = "<group>";
		};
		63830BEA1E1CF18700BB8FED /* YJFormView */ = {
			isa = PBXGroup;
			children = (
				63830BEB1E1CF19F00BB8FED /* YJFormView.h */,
				63830BEC1E1CF19F00BB8FED /* YJFormView.m */,
			);
			path = YJFormView;
			sourceTree = "<group>";
		};
		63830BEE1E1CF1C900BB8FED /* YJFormView */ = {
			isa = PBXGroup;
			children = (
				63830BEF1E1CF1C900BB8FED /* Controller */,
			);
			path = YJFormView;
			sourceTree = "<group>";
		};
		63830BEF1E1CF1C900BB8FED /* Controller */ = {
			isa = PBXGroup;
			children = (
				63830BF31E1CF1EF00BB8FED /* YJFormViewController.h */,
				63830BF41E1CF1EF00BB8FED /* YJFormViewController.m */,
			);
			path = Controller;
			sourceTree = "<group>";
		};
		63A4B2EA1E16541400067379 /* TouchAndLinkLabel */ = {
			isa = PBXGroup;
			children = (
				63A4B2EB1E16541400067379 /* Controller */,
				63A4B2EC1E16541400067379 /* Model */,
				63A4B2ED1E16541400067379 /* View */,
			);
			path = TouchAndLinkLabel;
			sourceTree = "<group>";
		};
		63A4B2EB1E16541400067379 /* Controller */ = {
			isa = PBXGroup;
			children = (
				63A4B2EE1E16542A00067379 /* TouchLinkLabelViewController.h */,
				63A4B2EF1E16542A00067379 /* TouchLinkLabelViewController.m */,
			);
			path = Controller;
			sourceTree = "<group>";
		};
		63A4B2EC1E16541400067379 /* Model */ = {
			isa = PBXGroup;
			children = (
			);
			path = Model;
			sourceTree = "<group>";
		};
		63A4B2ED1E16541400067379 /* View */ = {
			isa = PBXGroup;
			children = (
			);
			path = View;
			sourceTree = "<group>";
		};
		63A85A8A1E2E2BF60093F731 /* TableViewWaveLoad */ = {
			isa = PBXGroup;
			children = (
				63A85A8B1E2E2C110093F731 /* TableViewWaveViewController.h */,
				63A85A8C1E2E2C110093F731 /* TableViewWaveViewController.m */,
			);
			path = TableViewWaveLoad;
			sourceTree = "<group>";
		};
		63A85A8E1E2E2C6E0093F731 /* Category */ = {
			isa = PBXGroup;
			children = (
				63A85A921E2E2CB20093F731 /* UITableView+Wave.h */,
				63A85A931E2E2CB20093F731 /* UITableView+Wave.m */,
			);
			path = Category;
			sourceTree = "<group>";
		};
		63ACD11B1E0D3280001B8A3A /* UITableViewGenerator */ = {
			isa = PBXGroup;
			children = (
				63ACD11D1E0D329E001B8A3A /* YJTableViewGenerator.h */,
				63ACD11E1E0D329E001B8A3A /* YJTableViewGenerator.m */,
			);
			path = UITableViewGenerator;
			sourceTree = "<group>";
		};
		63ACD11C1E0D3280001B8A3A /* YJViews */ = {
			isa = PBXGroup;
			children = (
				636BA62C1E487C6100C4254F /* YJActivityIndicatorView */,
				6301F7CB1E2F6BB600E51662 /* YJGridViewController */,
				63A85A8A1E2E2BF60093F731 /* TableViewWaveLoad */,
				63830BEA1E1CF18700BB8FED /* YJFormView */,
				63830BD81E1CC0D000BB8FED /* YJPlaceholderTextView */,
				63830BD91E1CC0D000BB8FED /* YJTouchLabel */,
			);
			path = YJViews;
			sourceTree = "<group>";
		};
		63B54B031E0D029700C94151 = {
			isa = PBXGroup;
			children = (
				63B54B0E1E0D029700C94151 /* YJView */,
				63B54B0D1E0D029700C94151 /* Products */,
			);
			sourceTree = "<group>";
		};
		63B54B0D1E0D029700C94151 /* Products */ = {
			isa = PBXGroup;
			children = (
				63B54B0C1E0D029700C94151 /* YJView.app */,
			);
			name = Products;
			sourceTree = "<group>";
		};
		63B54B0E1E0D029700C94151 /* YJView */ = {
			isa = PBXGroup;
			children = (
				63A85A8E1E2E2C6E0093F731 /* Category */,
				63830BEE1E1CF1C900BB8FED /* YJFormView */,
				63830BE01E1CC18F00BB8FED /* PlaceholderTextView */,
				63A4B2EA1E16541400067379 /* TouchAndLinkLabel */,
				63ACD11B1E0D3280001B8A3A /* UITableViewGenerator */,
				63ACD11C1E0D3280001B8A3A /* YJViews */,
				63B54B121E0D029700C94151 /* AppDelegate.h */,
				63B54B131E0D029700C94151 /* AppDelegate.m */,
				63A4B2E71E16535300067379 /* MainViewController.h */,
				63A4B2E81E16535300067379 /* MainViewController.m */,
				63B54B0F1E0D029700C94151 /* Supporting Files */,
			);
			path = YJView;
			sourceTree = "<group>";
		};
		63B54B0F1E0D029700C94151 /* Supporting Files */ = {
			isa = PBXGroup;
			children = (
				63B54B181E0D029700C94151 /* Main.storyboard */,
				63B54B1B1E0D029700C94151 /* Assets.xcassets */,
				63B54B1D1E0D029700C94151 /* LaunchScreen.storyboard */,
				63B54B201E0D029700C94151 /* Info.plist */,
				63B54B101E0D029700C94151 /* main.m */,
				63A4B2F11E1655F600067379 /* YJViewPrefixHeader.pch */,
			);
			name = "Supporting Files";
			sourceTree = "<group>";
		};
/* End PBXGroup section */

/* Begin PBXNativeTarget section */
		63B54B0B1E0D029700C94151 /* YJView */ = {
			isa = PBXNativeTarget;
			buildConfigurationList = 63B54B231E0D029700C94151 /* Build configuration list for PBXNativeTarget "YJView" */;
			buildPhases = (
				63B54B081E0D029700C94151 /* Sources */,
				63B54B091E0D029700C94151 /* Frameworks */,
				63B54B0A1E0D029700C94151 /* Resources */,
			);
			buildRules = (
			);
			dependencies = (
			);
			name = YJView;
			productName = YJView;
			productReference = 63B54B0C1E0D029700C94151 /* YJView.app */;
			productType = "com.apple.product-type.application";
		};
/* End PBXNativeTarget section */

/* Begin PBXProject section */
		63B54B041E0D029700C94151 /* Project object */ = {
			isa = PBXProject;
			attributes = {
				LastUpgradeCheck = 0800;
				ORGANIZATIONNAME = YJHou;
				TargetAttributes = {
					63B54B0B1E0D029700C94151 = {
						CreatedOnToolsVersion = 8.0;
						DevelopmentTeam = 33JZ8ZWGJN;
						ProvisioningStyle = Automatic;
					};
				};
			};
			buildConfigurationList = 63B54B071E0D029700C94151 /* Build configuration list for PBXProject "YJView" */;
			compatibilityVersion = "Xcode 3.2";
			developmentRegion = English;
			hasScannedForEncodings = 0;
			knownRegions = (
				en,
				Base,
			);
			mainGroup = 63B54B031E0D029700C94151;
			productRefGroup = 63B54B0D1E0D029700C94151 /* Products */;
			projectDirPath = "";
			projectRoot = "";
			targets = (
				63B54B0B1E0D029700C94151 /* YJView */,
			);
		};
/* End PBXProject section */

/* Begin PBXResourcesBuildPhase section */
		63B54B0A1E0D029700C94151 /* Resources */ = {
			isa = PBXResourcesBuildPhase;
			buildActionMask = 2147483647;
			files = (
				637CB0B11E306F250080FF4A /* 7-0.jpeg in Resources */,
				63B54B1F1E0D029700C94151 /* LaunchScreen.storyboard in Resources */,
				637CB08F1E306F250080FF4A /* 0-6.jpeg in Resources */,
				637CB0AB1E306F250080FF4A /* 5-2.jpeg in Resources */,
				637CB0981E306F250080FF4A /* 1-7.jpeg in Resources */,
				637CB09F1E306F250080FF4A /* 2-6.jpeg in Resources */,
				637CB0B21E306F250080FF4A /* 7-1.jpeg in Resources */,
				637CB0B01E306F250080FF4A /* 6-3.jpeg in Resources */,
				637CB09C1E306F250080FF4A /* 2-3.jpeg in Resources */,
				637CB08A1E306F250080FF4A /* 0-1.jpeg in Resources */,
				637CB0A91E306F250080FF4A /* 5-0.jpeg in Resources */,
				637CB0A31E306F250080FF4A /* 3-2.jpeg in Resources */,
				637CB0B31E306F250080FF4A /* 7-2.jpeg in Resources */,
				637CB0AF1E306F250080FF4A /* 6-2.jpeg in Resources */,
				637CB0891E306F250080FF4A /* 0-0.jpeg in Resources */,
				637CB09B1E306F250080FF4A /* 2-2.jpeg in Resources */,
				637CB0B41E306F250080FF4A /* 7-3.jpeg in Resources */,
				637CB08B1E306F250080FF4A /* 0-2.jpeg in Resources */,
				637CB0A21E306F250080FF4A /* 3-1.jpeg in Resources */,
				637CB0921E306F250080FF4A /* 1-1.jpeg in Resources */,
				637CB0971E306F250080FF4A /* 1-6.jpeg in Resources */,
				637CB0A51E306F250080FF4A /* 4-0.jpeg in Resources */,
				637CB0941E306F250080FF4A /* 1-3.jpeg in Resources */,
				637CB0A61E306F250080FF4A /* 4-1.jpeg in Resources */,
				637CB0A81E306F250080FF4A /* 4-3.jpeg in Resources */,
				637CB08C1E306F250080FF4A /* 0-3.jpeg in Resources */,
				637CB0911E306F250080FF4A /* 1-0.jpeg in Resources */,
				637CB0AE1E306F250080FF4A /* 6-1.jpeg in Resources */,
				637CB0991E306F250080FF4A /* 2-0.jpeg in Resources */,
				637CB0A01E306F250080FF4A /* 2-7.jpeg in Resources */,
				637CB0A11E306F250080FF4A /* 3-0.jpeg in Resources */,
				637CB0AA1E306F250080FF4A /* 5-1.jpeg in Resources */,
				637CB09A1E306F250080FF4A /* 2-1.jpeg in Resources */,
				637CB09D1E306F250080FF4A /* 2-4.jpeg in Resources */,
				637CB0931E306F250080FF4A /* 1-2.jpeg in Resources */,
				637CB08D1E306F250080FF4A /* 0-4.jpeg in Resources */,
				637CB0A71E306F250080FF4A /* 4-2.jpeg in Resources */,
				637CB08E1E306F250080FF4A /* 0-5.jpeg in Resources */,
				637CB0AD1E306F250080FF4A /* 6-0.jpeg in Resources */,
				637CB0961E306F250080FF4A /* 1-5.jpeg in Resources */,
				637CB0901E306F250080FF4A /* 0-7.jpeg in Resources */,
				637CB0AC1E306F250080FF4A /* 5-3.jpeg in Resources */,
				637CB09E1E306F250080FF4A /* 2-5.jpeg in Resources */,
				63B54B1C1E0D029700C94151 /* Assets.xcassets in Resources */,
				637CB0951E306F250080FF4A /* 1-4.jpeg in Resources */,
				637CB0A41E306F250080FF4A /* 3-3.jpeg in Resources */,
				63B54B1A1E0D029700C94151 /* Main.storyboard in Resources */,
			);
			runOnlyForDeploymentPostprocessing = 0;
		};
/* End PBXResourcesBuildPhase section */

/* Begin PBXSourcesBuildPhase section */
		63B54B081E0D029700C94151 /* Sources */ = {
			isa = PBXSourcesBuildPhase;
			buildActionMask = 2147483647;
			files = (
				63A4B2E91E16535300067379 /* MainViewController.m in Sources */,
				63830BE71E1CC1DB00BB8FED /* PlaceholderTextViewController.m in Sources */,
				63830BDF1E1CC10500BB8FED /* YJPlaceholderTextView.m in Sources */,
				6301F7D51E2F7F0100E51662 /* YJGridViewCell.m in Sources */,
				637CB05A1E306E730080FF4A /* GridViewController.m in Sources */,
				6301F7CF1E2F6C1800E51662 /* YJGridViewController.m in Sources */,
				63830BDC1E1CC0D000BB8FED /* YJTouchLabel.m in Sources */,
				63B54B141E0D029700C94151 /* AppDelegate.m in Sources */,
				63A4B2F01E16542A00067379 /* TouchLinkLabelViewController.m in Sources */,
				636BA6331E487CB300C4254F /* ActivityIndicatorViewController.m in Sources */,
				63A85A941E2E2CB20093F731 /* UITableView+Wave.m in Sources */,
				63ACD11F1E0D329E001B8A3A /* YJTableViewGenerator.m in Sources */,
				63830BF51E1CF1EF00BB8FED /* YJFormViewController.m in Sources */,
				636BA6301E487C7100C4254F /* YJActivityIndicatorView.m in Sources */,
				63830BED1E1CF19F00BB8FED /* YJFormView.m in Sources */,
				6301F7D21E2F6C7D00E51662 /* YJGridView.m in Sources */,
				63A85A8D1E2E2C110093F731 /* TableViewWaveViewController.m in Sources */,
				63ADC1FC1E496B2900F2B45F /* YJActivityIndicatorSubExample.m in Sources */,
				63B54B111E0D029700C94151 /* main.m in Sources */,
			);
			runOnlyForDeploymentPostprocessing = 0;
		};
/* End PBXSourcesBuildPhase section */

/* Begin PBXVariantGroup section */
		63B54B181E0D029700C94151 /* Main.storyboard */ = {
			isa = PBXVariantGroup;
			children = (
				63B54B191E0D029700C94151 /* Base */,
			);
			name = Main.storyboard;
			sourceTree = "<group>";
		};
		63B54B1D1E0D029700C94151 /* LaunchScreen.storyboard */ = {
			isa = PBXVariantGroup;
			children = (
				63B54B1E1E0D029700C94151 /* Base */,
			);
			name = LaunchScreen.storyboard;
			sourceTree = "<group>";
		};
/* End PBXVariantGroup section */

/* Begin XCBuildConfiguration section */
		63B54B211E0D029700C94151 /* Debug */ = {
			isa = XCBuildConfiguration;
			buildSettings = {
				ALWAYS_SEARCH_USER_PATHS = NO;
				CLANG_ANALYZER_NONNULL = YES;
				CLANG_CXX_LANGUAGE_STANDARD = "gnu++0x";
				CLANG_CXX_LIBRARY = "libc++";
				CLANG_ENABLE_MODULES = YES;
				CLANG_ENABLE_OBJC_ARC = YES;
				CLANG_WARN_BOOL_CONVERSION = YES;
				CLANG_WARN_CONSTANT_CONVERSION = YES;
				CLANG_WARN_DIRECT_OBJC_ISA_USAGE = YES_ERROR;
				CLANG_WARN_DOCUMENTATION_COMMENTS = YES;
				CLANG_WARN_EMPTY_BODY = YES;
				CLANG_WARN_ENUM_CONVERSION = YES;
				CLANG_WARN_INFINITE_RECURSION = YES;
				CLANG_WARN_INT_CONVERSION = YES;
				CLANG_WARN_OBJC_ROOT_CLASS = YES_ERROR;
				CLANG_WARN_SUSPICIOUS_MOVES = YES;
				CLANG_WARN_UNREACHABLE_CODE = YES;
				CLANG_WARN__DUPLICATE_METHOD_MATCH = YES;
				"CODE_SIGN_IDENTITY[sdk=iphoneos*]" = "iPhone Developer";
				COPY_PHASE_STRIP = NO;
				DEBUG_INFORMATION_FORMAT = dwarf;
				ENABLE_STRICT_OBJC_MSGSEND = YES;
				ENABLE_TESTABILITY = YES;
				GCC_C_LANGUAGE_STANDARD = gnu99;
				GCC_DYNAMIC_NO_PIC = NO;
				GCC_NO_COMMON_BLOCKS = YES;
				GCC_OPTIMIZATION_LEVEL = 0;
				GCC_PREPROCESSOR_DEFINITIONS = (
					"DEBUG=1",
					"$(inherited)",
				);
				GCC_WARN_64_TO_32_BIT_CONVERSION = YES;
				GCC_WARN_ABOUT_RETURN_TYPE = YES_ERROR;
				GCC_WARN_UNDECLARED_SELECTOR = YES;
				GCC_WARN_UNINITIALIZED_AUTOS = YES_AGGRESSIVE;
				GCC_WARN_UNUSED_FUNCTION = YES;
				GCC_WARN_UNUSED_VARIABLE = YES;
				IPHONEOS_DEPLOYMENT_TARGET = 10.0;
				MTL_ENABLE_DEBUG_INFO = YES;
				ONLY_ACTIVE_ARCH = YES;
				SDKROOT = iphoneos;
			};
			name = Debug;
		};
		63B54B221E0D029700C94151 /* Release */ = {
			isa = XCBuildConfiguration;
			buildSettings = {
				ALWAYS_SEARCH_USER_PATHS = NO;
				CLANG_ANALYZER_NONNULL = YES;
				CLANG_CXX_LANGUAGE_STANDARD = "gnu++0x";
				CLANG_CXX_LIBRARY = "libc++";
				CLANG_ENABLE_MODULES = YES;
				CLANG_ENABLE_OBJC_ARC = YES;
				CLANG_WARN_BOOL_CONVERSION = YES;
				CLANG_WARN_CONSTANT_CONVERSION = YES;
				CLANG_WARN_DIRECT_OBJC_ISA_USAGE = YES_ERROR;
				CLANG_WARN_DOCUMENTATION_COMMENTS = YES;
				CLANG_WARN_EMPTY_BODY = YES;
				CLANG_WARN_ENUM_CONVERSION = YES;
				CLANG_WARN_INFINITE_RECURSION = YES;
				CLANG_WARN_INT_CONVERSION = YES;
				CLANG_WARN_OBJC_ROOT_CLASS = YES_ERROR;
				CLANG_WARN_SUSPICIOUS_MOVES = YES;
				CLANG_WARN_UNREACHABLE_CODE = YES;
				CLANG_WARN__DUPLICATE_METHOD_MATCH = YES;
				"CODE_SIGN_IDENTITY[sdk=iphoneos*]" = "iPhone Developer";
				COPY_PHASE_STRIP = NO;
				DEBUG_INFORMATION_FORMAT = "dwarf-with-dsym";
				ENABLE_NS_ASSERTIONS = NO;
				ENABLE_STRICT_OBJC_MSGSEND = YES;
				GCC_C_LANGUAGE_STANDARD = gnu99;
				GCC_NO_COMMON_BLOCKS = YES;
				GCC_WARN_64_TO_32_BIT_CONVERSION = YES;
				GCC_WARN_ABOUT_RETURN_TYPE = YES_ERROR;
				GCC_WARN_UNDECLARED_SELECTOR = YES;
				GCC_WARN_UNINITIALIZED_AUTOS = YES_AGGRESSIVE;
				GCC_WARN_UNUSED_FUNCTION = YES;
				GCC_WARN_UNUSED_VARIABLE = YES;
				IPHONEOS_DEPLOYMENT_TARGET = 10.0;
				MTL_ENABLE_DEBUG_INFO = NO;
				SDKROOT = iphoneos;
				VALIDATE_PRODUCT = YES;
			};
			name = Release;
		};
		63B54B241E0D029700C94151 /* Debug */ = {
			isa = XCBuildConfiguration;
			buildSettings = {
				ASSETCATALOG_COMPILER_APPICON_NAME = AppIcon;
				DEVELOPMENT_TEAM = 33JZ8ZWGJN;
				GCC_PRECOMPILE_PREFIX_HEADER = YES;
				GCC_PREFIX_HEADER = YJView/YJViewPrefixHeader.pch;
				INFOPLIST_FILE = YJView/Info.plist;
				IPHONEOS_DEPLOYMENT_TARGET = 8.0;
				LD_RUNPATH_SEARCH_PATHS = "$(inherited) @executable_path/Frameworks";
				PRODUCT_BUNDLE_IDENTIFIER = com.houmanager.demo;
				PRODUCT_NAME = "$(TARGET_NAME)";
			};
			name = Debug;
		};
		63B54B251E0D029700C94151 /* Release */ = {
			isa = XCBuildConfiguration;
			buildSettings = {
				ASSETCATALOG_COMPILER_APPICON_NAME = AppIcon;
				DEVELOPMENT_TEAM = 33JZ8ZWGJN;
				GCC_PRECOMPILE_PREFIX_HEADER = YES;
				GCC_PREFIX_HEADER = YJView/YJViewPrefixHeader.pch;
				INFOPLIST_FILE = YJView/Info.plist;
				IPHONEOS_DEPLOYMENT_TARGET = 8.0;
				LD_RUNPATH_SEARCH_PATHS = "$(inherited) @executable_path/Frameworks";
				PRODUCT_BUNDLE_IDENTIFIER = com.houmanager.demo;
				PRODUCT_NAME = "$(TARGET_NAME)";
			};
			name = Release;
		};
/* End XCBuildConfiguration section */

/* Begin XCConfigurationList section */
		63B54B071E0D029700C94151 /* Build configuration list for PBXProject "YJView" */ = {
			isa = XCConfigurationList;
			buildConfigurations = (
				63B54B211E0D029700C94151 /* Debug */,
				63B54B221E0D029700C94151 /* Release */,
			);
			defaultConfigurationIsVisible = 0;
			defaultConfigurationName = Release;
		};
		63B54B231E0D029700C94151 /* Build configuration list for PBXNativeTarget "YJView" */ = {
			isa = XCConfigurationList;
			buildConfigurations = (
				63B54B241E0D029700C94151 /* Debug */,
				63B54B251E0D029700C94151 /* Release */,
			);
			defaultConfigurationIsVisible = 0;
			defaultConfigurationName = Release;
		};
/* End XCConfigurationList section */
	};
	rootObject = 63B54B041E0D029700C94151 /* Project object */;
}
